// !$*UTF8*$!
{
	archiveVersion = 1;
	classes = {
	};
	objectVersion = 46;
	objects = {

/* Begin PBXBuildFile section */
		0F98E2831548EEBB0029E112 /* UIKit.framework in Frameworks */ = {isa = PBXBuildFile; fileRef = 0F98E2821548EEBB0029E112 /* UIKit.framework */; };
		0F98E2851548EEBB0029E112 /* Foundation.framework in Frameworks */ = {isa = PBXBuildFile; fileRef = 0F98E2841548EEBB0029E112 /* Foundation.framework */; };
		0F98E2871548EEBB0029E112 /* CoreGraphics.framework in Frameworks */ = {isa = PBXBuildFile; fileRef = 0F98E2861548EEBB0029E112 /* CoreGraphics.framework */; };
		0F98E28D1548EEBB0029E112 /* InfoPlist.strings in Resources */ = {isa = PBXBuildFile; fileRef = 0F98E28B1548EEBB0029E112 /* InfoPlist.strings */; };
		0F98E28F1548EEBB0029E112 /* main.m in Sources */ = {isa = PBXBuildFile; fileRef = 0F98E28E1548EEBB0029E112 /* main.m */; };
		0F98E2931548EEBB0029E112 /* AppDelegate.m in Sources */ = {isa = PBXBuildFile; fileRef = 0F98E2921548EEBB0029E112 /* AppDelegate.m */; };
		0F98E2961548EEBB0029E112 /* ViewController.m in Sources */ = {isa = PBXBuildFile; fileRef = 0F98E2951548EEBB0029E112 /* ViewController.m */; };
		0F98E2991548EEBB0029E112 /* ViewController_iPhone.xib in Resources */ = {isa = PBXBuildFile; fileRef = 0F98E2971548EEBB0029E112 /* ViewController_iPhone.xib */; };
		0F98E29C1548EEBB0029E112 /* ViewController_iPad.xib in Resources */ = {isa = PBXBuildFile; fileRef = 0F98E29A1548EEBB0029E112 /* ViewController_iPad.xib */; };
/* End PBXBuildFile section */

/* Begin PBXFileReference section */
		0F98E27E1548EEBB0029E112 /* DCIRTables.app */ = {isa = PBXFileReference; explicitFileType = wrapper.application; includeInIndex = 0; path = DCIRTables.app; sourceTree = BUILT_PRODUCTS_DIR; };
		0F98E2821548EEBB0029E112 /* UIKit.framework */ = {isa = PBXFileReference; lastKnownFileType = wrapper.framework; name = UIKit.framework; path = System/Library/Frameworks/UIKit.framework; sourceTree = SDKROOT; };
		0F98E2841548EEBB0029E112 /* Foundation.framework */ = {isa = PBXFileReference; lastKnownFileType = wrapper.framework; name = Foundation.framework; path = System/Library/Frameworks/Foundation.framework; sourceTree = SDKROOT; };
		0F98E2861548EEBB0029E112 /* CoreGraphics.framework */ = {isa = PBXFileReference; lastKnownFileType = wrapper.framework; name = CoreGraphics.framework; path = System/Library/Frameworks/CoreGraphics.framework; sourceTree = SDKROOT; };
		0F98E28A1548EEBB0029E112 /* DCIRTables-Info.plist */ = {isa = PBXFileReference; lastKnownFileType = text.plist.xml; path = "DCIRTables-Info.plist"; sourceTree = "<group>"; };
		0F98E28C1548EEBB0029E112 /* en */ = {isa = PBXFileReference; lastKnownFileType = text.plist.strings; name = en; path = en.lproj/InfoPlist.strings; sourceTree = "<group>"; };
		0F98E28E1548EEBB0029E112 /* main.m */ = {isa = PBXFileReference; lastKnownFileType = sourcecode.c.objc; path = main.m; sourceTree = "<group>"; };
		0F98E2901548EEBB0029E112 /* DCIRTables-Prefix.pch */ = {isa = PBXFileReference; lastKnownFileType = sourcecode.c.h; path = "DCIRTables-Prefix.pch"; sourceTree = "<group>"; };
		0F98E2911548EEBB0029E112 /* AppDelegate.h */ = {isa = PBXFileReference; lastKnownFileType = sourcecode.c.h; path = AppDelegate.h; sourceTree = "<group>"; };
		0F98E2921548EEBB0029E112 /* AppDelegate.m */ = {isa = PBXFileReference; lastKnownFileType = sourcecode.c.objc; path = AppDelegate.m; sourceTree = "<group>"; };
		0F98E2941548EEBB0029E112 /* ViewController.h */ = {isa = PBXFileReference; lastKnownFileType = sourcecode.c.h; path = ViewController.h; sourceTree = "<group>"; };
		0F98E2951548EEBB0029E112 /* ViewController.m */ = {isa = PBXFileReference; lastKnownFileType = sourcecode.c.objc; path = ViewController.m; sourceTree = "<group>"; };
		0F98E2981548EEBB0029E112 /* en */ = {isa = PBXFileReference; lastKnownFileType = file.xib; name = en; path = en.lproj/ViewController_iPhone.xib; sourceTree = "<group>"; };
		0F98E29B1548EEBB0029E112 /* en */ = {isa = PBXFileReference; lastKnownFileType = file.xib; name = en; path = en.lproj/ViewController_iPad.xib; sourceTree = "<group>"; };
/* End PBXFileReference section */

/* Begin PBXFrameworksBuildPhase section */
		0F98E27B1548EEBB0029E112 /* Frameworks */ = {
			isa = PBXFrameworksBuildPhase;
			buildActionMask = 2147483647;
			files = (
				0F98E2831548EEBB0029E112 /* UIKit.framework in Frameworks */,
				0F98E2851548EEBB0029E112 /* Foundation.framework in Frameworks */,
				0F98E2871548EEBB0029E112 /* CoreGraphics.framework in Frameworks */,
			);
			runOnlyForDeploymentPostprocessing = 0;
		};
/* End PBXFrameworksBuildPhase section */

/* Begin PBXGroup section */
		0F98E2731548EEBA0029E112 = {
			isa = PBXGroup;
			children = (
				0F98E2881548EEBB0029E112 /* DCIRTables */,
				0F98E2811548EEBB0029E112 /* Frameworks */,
				0F98E27F1548EEBB0029E112 /* Products */,
			);
			sourceTree = "<group>";
		};
		0F98E27F1548EEBB0029E112 /* Products */ = {
			isa = PBXGroup;
			children = (
				0F98E27E1548EEBB0029E112 /* DCIRTables.app */,
			);
			name = Products;
			sourceTree = "<group>";
		};
		0F98E2811548EEBB0029E112 /* Frameworks */ = {
			isa = PBXGroup;
			children = (
				0F98E2821548EEBB0029E112 /* UIKit.framework */,
				0F98E2841548EEBB0029E112 /* Foundation.framework */,
				0F98E2861548EEBB0029E112 /* CoreGraphics.framework */,
			);
			name = Frameworks;
			sourceTree = "<group>";
		};
		0F98E2881548EEBB0029E112 /* DCIRTables */ = {
			isa = PBXGroup;
			children = (
				0F98E2911548EEBB0029E112 /* AppDelegate.h */,
				0F98E2921548EEBB0029E112 /* AppDelegate.m */,
				0F98E2941548EEBB0029E112 /* ViewController.h */,
				0F98E2951548EEBB0029E112 /* ViewController.m */,
				0F98E2971548EEBB0029E112 /* ViewController_iPhone.xib */,
				0F98E29A1548EEBB0029E112 /* ViewController_iPad.xib */,
				0F98E2891548EEBB0029E112 /* Supporting Files */,
			);
			path = DCIRTables;
			sourceTree = "<group>";
		};
		0F98E2891548EEBB0029E112 /* Supporting Files */ = {
			isa = PBXGroup;
			children = (
				0F98E28A1548EEBB0029E112 /* DCIRTables-Info.plist */,
				0F98E28B1548EEBB0029E112 /* InfoPlist.strings */,
				0F98E28E1548EEBB0029E112 /* main.m */,
				0F98E2901548EEBB0029E112 /* DCIRTables-Prefix.pch */,
			);
			name = "Supporting Files";
			sourceTree = "<group>";
		};
/* End PBXGroup section */

/* Begin PBXNativeTarget section */
		0F98E27D1548EEBB0029E112 /* DCIRTables */ = {
			isa = PBXNativeTarget;
			buildConfigurationList = 0F98E29F1548EEBB0029E112 /* Build configuration list for PBXNativeTarget "DCIRTables" */;
			buildPhases = (
				0F98E27A1548EEBB0029E112 /* Sources */,
				0F98E27B1548EEBB0029E112 /* Frameworks */,
				0F98E27C1548EEBB0029E112 /* Resources */,
			);
			buildRules = (
			);
			dependencies = (
			);
			name = DCIRTables;
			productName = DCIRTables;
			productReference = 0F98E27E1548EEBB0029E112 /* DCIRTables.app */;
			productType = "com.apple.product-type.application";
		};
/* End PBXNativeTarget section */

/* Begin PBXProject section */
		0F98E2751548EEBA0029E112 /* Project object */ = {
			isa = PBXProject;
			attributes = {
				LastUpgradeCheck = 0430;
			};
			buildConfigurationList = 0F98E2781548EEBA0029E112 /* Build configuration list for PBXProject "DCIRTables" */;
			compatibilityVersion = "Xcode 3.2";
			developmentRegion = English;
			hasScannedForEncodings = 0;
			knownRegions = (
				en,
			);
			mainGroup = 0F98E2731548EEBA0029E112;
			productRefGroup = 0F98E27F1548EEBB0029E112 /* Products */;
			projectDirPath = "";
			projectRoot = "";
			targets = (
				0F98E27D1548EEBB0029E112 /* DCIRTables */,
			);
		};
/* End PBXProject section */

/* Begin PBXResourcesBuildPhase section */
		0F98E27C1548EEBB0029E112 /* Resources */ = {
			isa = PBXResourcesBuildPhase;
			buildActionMask = 2147483647;
			files = (
				0F98E28D1548EEBB0029E112 /* InfoPlist.strings in Resources */,
				0F98E2991548EEBB0029E112 /* ViewController_iPhone.xib in Resources */,
				0F98E29C1548EEBB0029E112 /* ViewController_iPad.xib in Resources */,
			);
			runOnlyForDeploymentPostprocessing = 0;
		};
/* End PBXResourcesBuildPhase section */

/* Begin PBXSourcesBuildPhase section */
		0F98E27A1548EEBB0029E112 /* Sources */ = {
			isa = PBXSourcesBuildPhase;
			buildActionMask = 2147483647;
			files = (
				0F98E28F1548EEBB0029E112 /* main.m in Sources */,
				0F98E2931548EEBB0029E112 /* AppDelegate.m in Sources */,
				0F98E2961548EEBB0029E112 /* ViewController.m in Sources */,
			);
			runOnlyForDeploymentPostprocessing = 0;
		};
/* End PBXSourcesBuildPhase section */

/* Begin PBXVariantGroup section */
		0F98E28B1548EEBB0029E112 /* InfoPlist.strings */ = {
			isa = PBXVariantGroup;
			children = (
				0F98E28C1548EEBB0029E112 /* en */,
			);
			name = InfoPlist.strings;
			sourceTree = "<group>";
		};
		0F98E2971548EEBB0029E112 /* ViewController_iPhone.xib */ = {
			isa = PBXVariantGroup;
			children = (
				0F98E2981548EEBB0029E112 /* en */,
			);
			name = ViewController_iPhone.xib;
			sourceTree = "<group>";
		};
		0F98E29A1548EEBB0029E112 /* ViewController_iPad.xib */ = {
			isa = PBXVariantGroup;
			children = (
				0F98E29B1548EEBB0029E112 /* en */,
			);
			name = ViewController_iPad.xib;
			sourceTree = "<group>";
		};
/* End PBXVariantGroup section */

/* Begin XCBuildConfiguration section */
		0F98E29D1548EEBB0029E112 /* Debug */ = {
			isa = XCBuildConfiguration;
			buildSettings = {
				ALWAYS_SEARCH_USER_PATHS = NO;
				ARCHS = "$(ARCHS_STANDARD_32_BIT)";
				CLANG_ENABLE_OBJC_ARC = YES;
				"CODE_SIGN_IDENTITY[sdk=iphoneos*]" = "iPhone Developer";
				COPY_PHASE_STRIP = NO;
				GCC_C_LANGUAGE_STANDARD = gnu99;
				GCC_DYNAMIC_NO_PIC = NO;
				GCC_OPTIMIZATION_LEVEL = 0;
				GCC_PREPROCESSOR_DEFINITIONS = (
					"DEBUG=1",
					"$(inherited)",
				);
				GCC_SYMBOLS_PRIVATE_EXTERN = NO;
				GCC_VERSION = com.apple.compilers.llvm.clang.1_0;
				GCC_WARN_ABOUT_RETURN_TYPE = YES;
				GCC_WARN_UNINITIALIZED_AUTOS = YES;
				GCC_WARN_UNUSED_VARIABLE = YES;
				IPHONEOS_DEPLOYMENT_TARGET = 5.1;
				SDKROOT = iphoneos;
				TARGETED_DEVICE_FAMILY = "1,2";
			};
			name = Debug;
		};
		0F98E29E1548EEBB0029E112 /* Release */ = {
			isa = XCBuildConfiguration;
			buildSettings = {
				ALWAYS_SEARCH_USER_PATHS = NO;
				ARCHS = "$(ARCHS_STANDARD_32_BIT)";
				CLANG_ENABLE_OBJC_ARC = YES;
				"CODE_SIGN_IDENTITY[sdk=iphoneos*]" = "iPhone Developer";
				COPY_PHASE_STRIP = YES;
				GCC_C_LANGUAGE_STANDARD = gnu99;
				GCC_VERSION = com.apple.compilers.llvm.clang.1_0;
				GCC_WARN_ABOUT_RETURN_TYPE = YES;
				GCC_WARN_UNINITIALIZED_AUTOS = YES;
				GCC_WARN_UNUSED_VARIABLE = YES;
				IPHONEOS_DEPLOYMENT_TARGET = 5.1;
				OTHER_CFLAGS = "-DNS_BLOCK_ASSERTIONS=1";
				SDKROOT = iphoneos;
				TARGETED_DEVICE_FAMILY = "1,2";
				VALIDATE_PRODUCT = YES;
			};
			name = Release;
		};
		0F98E2A01548EEBB0029E112 /* Debug */ = {
			isa = XCBuildConfiguration;
			buildSettings = {
				"CODE_SIGN_IDENTITY[sdk=iphoneos*]" = "iPhone Developer: Alexei Gousev (557BVTLW6Y)";
				GCC_PRECOMPILE_PREFIX_HEADER = YES;
				GCC_PREFIX_HEADER = "DCIRTables/DCIRTables-Prefix.pch";
				INFOPLIST_FILE = "DCIRTables/DCIRTables-Info.plist";
				IPHONEOS_DEPLOYMENT_TARGET = 3.0;
				PRODUCT_NAME = "$(TARGET_NAME)";
				"PROVISIONING_PROFILE[sdk=iphoneos*]" = "673AB015-21B1-4CAD-A078-834B28D5A9DF";
				WRAPPER_EXTENSION = app;
			};
			name = Debug;
		};
		0F98E2A11548EEBB0029E112 /* Release */ = {
			isa = XCBuildConfiguration;
			buildSettings = {
				GCC_PRECOMPILE_PREFIX_HEADER = YES;
				GCC_PREFIX_HEADER = "DCIRTables/DCIRTables-Prefix.pch";
				INFOPLIST_FILE = "DCIRTables/DCIRTables-Info.plist";
				IPHONEOS_DEPLOYMENT_TARGET = 3.0;
				PRODUCT_NAME = "$(TARGET_NAME)";
				WRAPPER_EXTENSION = app;
			};
			name = Release;
		};
/* End XCBuildConfiguration section */

/* Begin XCConfigurationList section */
		0F98E2781548EEBA0029E112 /* Build configuration list for PBXProject "DCIRTables" */ = {
			isa = XCConfigurationList;
			buildConfigurations = (
				0F98E29D1548EEBB0029E112 /* Debug */,
				0F98E29E1548EEBB0029E112 /* Release */,
			);
			defaultConfigurationIsVisible = 0;
			defaultConfigurationName = Release;
		};
		0F98E29F1548EEBB0029E112 /* Build configuration list for PBXNativeTarget "DCIRTables" */ = {
			isa = XCConfigurationList;
			buildConfigurations = (
				0F98E2A01548EEBB0029E112 /* Debug */,
				0F98E2A11548EEBB0029E112 /* Release */,
			);
			defaultConfigurationIsVisible = 0;
		};
/* End XCConfigurationList section */
	};
	rootObject = 0F98E2751548EEBA0029E112 /* Project object */;
}
